<?xml version="1.0" encoding="utf-8"?>
<Project ToolsVersion="4.0" xmlns="http://schemas.microsoft.com/developer/msbuild/2003">
  <ItemGroup>
    <Filter Include="Source Files">
      <UniqueIdentifier>{4FC737F1-C7A5-4376-A066-2A32D752A2FF}</UniqueIdentifier>
      <Extensions>cpp;c;cc;cxx;c++;cppm;ixx;def;odl;idl;hpj;bat;asm;asmx</Extensions>
    </Filter>
    <Filter Include="Header Files">
      <UniqueIdentifier>{93995380-89BD-4b04-88EB-625FBE52EBFB}</UniqueIdentifier>
      <Extensions>h;hh;hpp;hxx;h++;hm;inl;inc;ipp;xsd</Extensions>
    </Filter>
    <Filter Include="Resource Files">
      <UniqueIdentifier>{67DA6AB6-F800-4c08-8B7A-83BB121AAD01}</UniqueIdentifier>
      <Extensions>rc;ico;cur;bmp;dlg;rc2;rct;bin;rgs;gif;jpg;jpeg;jpe;resx;tiff;tif;png;wav;mfcribbon-ms</Extensions>
    </Filter>
    <Filter Include="Source Files\NvFBC">
      <UniqueIdentifier>{8a62b970-a8d1-4b56-9ab1-d16fea4ff55a}</UniqueIdentifier>
    </Filter>
    <Filter Include="Source Files\NvFBC\util">
      <UniqueIdentifier>{1d91970e-8772-47b6-980e-33e202ec810f}</UniqueIdentifier>
    </Filter>
  </ItemGroup>
  <ItemGroup>
    <ClCompile Include="cMain.cpp">
      <Filter>Source Files</Filter>
    </ClCompile>
    <ClCompile Include="..\NvFBC\util\Bitmap.cpp">
      <Filter>Source Files\NvFBC\util</Filter>
    </ClCompile>
    <ClCompile Include="..\NvFBC\util\Timer.cpp">
      <Filter>Source Files\NvFBC\util</Filter>
    </ClCompile>
    <ClCompile Include="..\NvFBC\util\Utils.cpp">
      <Filter>Source Files\NvFBC\util</Filter>
    </ClCompile>
  </ItemGroup>
  <ItemGroup>
    <ClInclude Include="..\NvFBC\util\Bitmap.h">
      <Filter>Source Files\NvFBC\util</Filter>
    </ClInclude>
    <ClInclude Include="..\NvFBC\util\drvapi_error_string.h">
      <Filter>Source Files\NvFBC\util</Filter>
    </ClInclude>
    <ClInclude Include="..\NvFBC\util\helper_cuda.h">
      <Filter>Source Files\NvFBC\util</Filter>
    </ClInclude>
    <ClInclude Include="..\NvFBC\util\helper_cuda_drvapi.h">
      <Filter>Source Files\NvFBC\util</Filter>
    </ClInclude>
    <ClInclude Include="..\NvFBC\util\helper_cuda_gl.h">
      <Filter>Source Files\NvFBC\util</Filter>
    </ClInclude>
    <ClInclude Include="..\NvFBC\util\helper_string.h">
      <Filter>Source Files\NvFBC\util</Filter>
    </ClInclude>
    <ClInclude Include="..\NvFBC\util\NvFBCLibrary.h">
      <Filter>Source Files\NvFBC\util</Filter>
    </ClInclude>
    <ClInclude Include="..\NvFBC\util\Timer.h">
      <Filter>Source Files\NvFBC\util</Filter>
    </ClInclude>
    <ClInclude Include="..\NvFBC\util\Util.h">
      <Filter>Source Files\NvFBC\util</Filter>
    </ClInclude>
  </ItemGroup>
</Project>